{
  "name": "sse-example",
  "version": "1.0.0",
  "lockfileVersion": 2,
  "requires": true,
  "packages": {
    "": {
      "version": "1.0.0",
      "license": "ISC",
      "dependencies": {
        "@techiev2/node_http_server": "^1.0.20"
      }
    },
    "node_modules/@techiev2/node_http_server": {
      "version": "1.0.20",
      "resolved": "https://registry.npmjs.org/@techiev2/node_http_server/-/node_http_server-1.0.20.tgz",
      "integrity": "sha512-ugtK3IK3J+KVfcvRRx2zH3ALqYQa3mHjwfSzXMbO5r4gTzrZXcYUUVjd4u4ch7Sbh5I4TREUcTgVC5YgE8hpaQ=="
    }
  },
  "dependencies": {
    "@techiev2/node_http_server": {
      "version": "1.0.20",
      "resolved": "https://registry.npmjs.org/@techiev2/node_http_server/-/node_http_server-1.0.20.tgz",
      "integrity": "sha512-ugtK3IK3J+KVfcvRRx2zH3ALqYQa3mHjwfSzXMbO5r4gTzrZXcYUUVjd4u4ch7Sbh5I4TREUcTgVC5YgE8hpaQ=="
    }
  }
}
